
Microsoft Visual Studio Solution File, Format Version 12.00
# Visual Studio Version 17
VisualStudioVersion = 17.8.34525.116
MinimumVisualStudioVersion = 10.0.40219.1
Project("{9A19103F-16F7-4668-BE54-9A1E7A4F7556}") = "nettbutikk-api", "nettbutikk-api.csproj", "{A44BF40F-8D3F-461C-9A2E-E7495662715A}"
EndProject
Global
	GlobalSection(SolutionConfigurationPlatforms) = preSolution
		Debug|Any CPU = Debug|Any CPU
		Release|Any CPU = Release|Any CPU
	EndGlobalSection
	GlobalSection(ProjectConfigurationPlatforms) = postSolution
		{A44BF40F-8D3F-461C-9A2E-E7495662715A}.Debug|Any CPU.ActiveCfg = Debug|Any CPU
		{A44BF40F-8D3F-461C-9A2E-E7495662715A}.Debug|Any CPU.Build.0 = Debug|Any CPU
		{A44BF40F-8D3F-461C-9A2E-E7495662715A}.Release|Any CPU.ActiveCfg = Release|Any CPU
		{A44BF40F-8D3F-461C-9A2E-E7495662715A}.Release|Any CPU.Build.0 = Release|Any CPU
	EndGlobalSection
	GlobalSection(SolutionProperties) = preSolution
		HideSolutionNode = FALSE
	EndGlobalSection
	GlobalSection(ExtensibilityGlobals) = postSolution
		SolutionGuid = {59577C0E-9D09-4E95-8A33-6E328DB212EC}
	EndGlobalSection
EndGlobal
